PODS:
  - DVMediaPicker (0.0.3)

DEPENDENCIES:
  - DVMediaPicker (from `../DVMediaPicker.podspec`)

EXTERNAL SOURCES:
  DVMediaPicker:
    :path: "../DVMediaPicker.podspec"

SPEC CHECKSUMS:
  DVMediaPicker: c07b6a88bd19bdf5bae7ac72bc1d29bb6b427214

PODFILE CHECKSUM: 9a100a513f0565f86f8c456294b2396d1f535a27

COCOAPODS: 1.8.4
