PODS:
  - DVMediaPicker (0.0.1)

DEPENDENCIES:
  - DVMediaPicker (from `../DVMediaPicker.podspec`)

EXTERNAL SOURCES:
  DVMediaPicker:
    :path: "../DVMediaPicker.podspec"

SPEC CHECKSUMS:
  DVMediaPicker: 5580882ac9fdfa043fe1d0e4e00684586f023342

PODFILE CHECKSUM: 9a100a513f0565f86f8c456294b2396d1f535a27

COCOAPODS: 1.8.4
