// !$*UTF8*$!
{
	archiveVersion = 1;
	classes = {
	};
	objectVersion = 50;
	objects = {

/* Begin PBXBuildFile section */
		167CCCF6237571AD00EE03EC /* AppDelegate.m in Sources */ = {isa = PBXBuildFile; fileRef = 167CCCF5237571AD00EE03EC /* AppDelegate.m */; };
		167CCCF9237571AD00EE03EC /* ViewController.m in Sources */ = {isa = PBXBuildFile; fileRef = 167CCCF8237571AD00EE03EC /* ViewController.m */; };
		167CCCFC237571AD00EE03EC /* Main.storyboard in Resources */ = {isa = PBXBuildFile; fileRef = 167CCCFA237571AD00EE03EC /* Main.storyboard */; };
		167CCCFE237571AE00EE03EC /* Assets.xcassets in Resources */ = {isa = PBXBuildFile; fileRef = 167CCCFD237571AE00EE03EC /* Assets.xcassets */; };
		167CCD01237571AE00EE03EC /* LaunchScreen.storyboard in Resources */ = {isa = PBXBuildFile; fileRef = 167CCCFF237571AE00EE03EC /* LaunchScreen.storyboard */; };
		167CCD04237571AE00EE03EC /* main.m in Sources */ = {isa = PBXBuildFile; fileRef = 167CCD03237571AE00EE03EC /* main.m */; };
		167CCD0E237571AE00EE03EC /* DVMediaPickerTests.m in Sources */ = {isa = PBXBuildFile; fileRef = 167CCD0D237571AE00EE03EC /* DVMediaPickerTests.m */; };
		167CCD19237571AE00EE03EC /* DVMediaPickerUITests.m in Sources */ = {isa = PBXBuildFile; fileRef = 167CCD18237571AE00EE03EC /* DVMediaPickerUITests.m */; };
		16E99E8223797A420032C67A /* DVMediaPickerContoller.m in Sources */ = {isa = PBXBuildFile; fileRef = 16E99E7423797A420032C67A /* DVMediaPickerContoller.m */; };
		16E99E8323797A420032C67A /* DVMediaListController.m in Sources */ = {isa = PBXBuildFile; fileRef = 16E99E7623797A420032C67A /* DVMediaListController.m */; };
		16E99E8523797A420032C67A /* DVAlbumCell.m in Sources */ = {isa = PBXBuildFile; fileRef = 16E99E7923797A420032C67A /* DVAlbumCell.m */; };
		16E99E8623797A420032C67A /* DVAlbumModel.m in Sources */ = {isa = PBXBuildFile; fileRef = 16E99E7A23797A420032C67A /* DVAlbumModel.m */; };
		16E99E8723797A420032C67A /* DVMediaManager.m in Sources */ = {isa = PBXBuildFile; fileRef = 16E99E7C23797A420032C67A /* DVMediaManager.m */; };
		16E99E8823797A420032C67A /* DVAssetCell.m in Sources */ = {isa = PBXBuildFile; fileRef = 16E99E8123797A420032C67A /* DVAssetCell.m */; };
/* End PBXBuildFile section */

/* Begin PBXContainerItemProxy section */
		167CCD0A237571AE00EE03EC /* PBXContainerItemProxy */ = {
			isa = PBXContainerItemProxy;
			containerPortal = 167CCCE9237571AD00EE03EC /* Project object */;
			proxyType = 1;
			remoteGlobalIDString = 167CCCF0237571AD00EE03EC;
			remoteInfo = DVMediaPicker;
		};
		167CCD15237571AE00EE03EC /* PBXContainerItemProxy */ = {
			isa = PBXContainerItemProxy;
			containerPortal = 167CCCE9237571AD00EE03EC /* Project object */;
			proxyType = 1;
			remoteGlobalIDString = 167CCCF0237571AD00EE03EC;
			remoteInfo = DVMediaPicker;
		};
/* End PBXContainerItemProxy section */

/* Begin PBXFileReference section */
		167CCCF1237571AD00EE03EC /* DVMediaPicker.app */ = {isa = PBXFileReference; explicitFileType = wrapper.application; includeInIndex = 0; path = DVMediaPicker.app; sourceTree = BUILT_PRODUCTS_DIR; };
		167CCCF4237571AD00EE03EC /* AppDelegate.h */ = {isa = PBXFileReference; lastKnownFileType = sourcecode.c.h; path = AppDelegate.h; sourceTree = "<group>"; };
		167CCCF5237571AD00EE03EC /* AppDelegate.m */ = {isa = PBXFileReference; lastKnownFileType = sourcecode.c.objc; path = AppDelegate.m; sourceTree = "<group>"; };
		167CCCF7237571AD00EE03EC /* ViewController.h */ = {isa = PBXFileReference; lastKnownFileType = sourcecode.c.h; path = ViewController.h; sourceTree = "<group>"; };
		167CCCF8237571AD00EE03EC /* ViewController.m */ = {isa = PBXFileReference; lastKnownFileType = sourcecode.c.objc; path = ViewController.m; sourceTree = "<group>"; };
		167CCCFB237571AD00EE03EC /* Base */ = {isa = PBXFileReference; lastKnownFileType = file.storyboard; name = Base; path = Base.lproj/Main.storyboard; sourceTree = "<group>"; };
		167CCCFD237571AE00EE03EC /* Assets.xcassets */ = {isa = PBXFileReference; lastKnownFileType = folder.assetcatalog; path = Assets.xcassets; sourceTree = "<group>"; };
		167CCD00237571AE00EE03EC /* Base */ = {isa = PBXFileReference; lastKnownFileType = file.storyboard; name = Base; path = Base.lproj/LaunchScreen.storyboard; sourceTree = "<group>"; };
		167CCD02237571AE00EE03EC /* Info.plist */ = {isa = PBXFileReference; lastKnownFileType = text.plist.xml; path = Info.plist; sourceTree = "<group>"; };
		167CCD03237571AE00EE03EC /* main.m */ = {isa = PBXFileReference; lastKnownFileType = sourcecode.c.objc; path = main.m; sourceTree = "<group>"; };
		167CCD09237571AE00EE03EC /* DVMediaPickerTests.xctest */ = {isa = PBXFileReference; explicitFileType = wrapper.cfbundle; includeInIndex = 0; path = DVMediaPickerTests.xctest; sourceTree = BUILT_PRODUCTS_DIR; };
		167CCD0D237571AE00EE03EC /* DVMediaPickerTests.m */ = {isa = PBXFileReference; lastKnownFileType = sourcecode.c.objc; path = DVMediaPickerTests.m; sourceTree = "<group>"; };
		167CCD0F237571AE00EE03EC /* Info.plist */ = {isa = PBXFileReference; lastKnownFileType = text.plist.xml; path = Info.plist; sourceTree = "<group>"; };
		167CCD14237571AE00EE03EC /* DVMediaPickerUITests.xctest */ = {isa = PBXFileReference; explicitFileType = wrapper.cfbundle; includeInIndex = 0; path = DVMediaPickerUITests.xctest; sourceTree = BUILT_PRODUCTS_DIR; };
		167CCD18237571AE00EE03EC /* DVMediaPickerUITests.m */ = {isa = PBXFileReference; lastKnownFileType = sourcecode.c.objc; path = DVMediaPickerUITests.m; sourceTree = "<group>"; };
		167CCD1A237571AE00EE03EC /* Info.plist */ = {isa = PBXFileReference; lastKnownFileType = text.plist.xml; path = Info.plist; sourceTree = "<group>"; };
		16E99E7423797A420032C67A /* DVMediaPickerContoller.m */ = {isa = PBXFileReference; fileEncoding = 4; lastKnownFileType = sourcecode.c.objc; path = DVMediaPickerContoller.m; sourceTree = "<group>"; };
		16E99E7523797A420032C67A /* DVMediaManager.h */ = {isa = PBXFileReference; fileEncoding = 4; lastKnownFileType = sourcecode.c.h; path = DVMediaManager.h; sourceTree = "<group>"; };
		16E99E7623797A420032C67A /* DVMediaListController.m */ = {isa = PBXFileReference; fileEncoding = 4; lastKnownFileType = sourcecode.c.objc; path = DVMediaListController.m; sourceTree = "<group>"; };
		16E99E7723797A420032C67A /* DVAssetCell.h */ = {isa = PBXFileReference; fileEncoding = 4; lastKnownFileType = sourcecode.c.h; path = DVAssetCell.h; sourceTree = "<group>"; };
		16E99E7923797A420032C67A /* DVAlbumCell.m */ = {isa = PBXFileReference; fileEncoding = 4; lastKnownFileType = sourcecode.c.objc; path = DVAlbumCell.m; sourceTree = "<group>"; };
		16E99E7A23797A420032C67A /* DVAlbumModel.m */ = {isa = PBXFileReference; fileEncoding = 4; lastKnownFileType = sourcecode.c.objc; path = DVAlbumModel.m; sourceTree = "<group>"; };
		16E99E7B23797A420032C67A /* DVMediaListController.h */ = {isa = PBXFileReference; fileEncoding = 4; lastKnownFileType = sourcecode.c.h; path = DVMediaListController.h; sourceTree = "<group>"; };
		16E99E7C23797A420032C67A /* DVMediaManager.m */ = {isa = PBXFileReference; fileEncoding = 4; lastKnownFileType = sourcecode.c.objc; path = DVMediaManager.m; sourceTree = "<group>"; };
		16E99E7D23797A420032C67A /* DVMediaPickerContoller.h */ = {isa = PBXFileReference; fileEncoding = 4; lastKnownFileType = sourcecode.c.h; path = DVMediaPickerContoller.h; sourceTree = "<group>"; };
		16E99E7E23797A420032C67A /* DVAlbumModel.h */ = {isa = PBXFileReference; fileEncoding = 4; lastKnownFileType = sourcecode.c.h; path = DVAlbumModel.h; sourceTree = "<group>"; };
		16E99E7F23797A420032C67A /* DVAlbumCell.h */ = {isa = PBXFileReference; fileEncoding = 4; lastKnownFileType = sourcecode.c.h; path = DVAlbumCell.h; sourceTree = "<group>"; };
		16E99E8123797A420032C67A /* DVAssetCell.m */ = {isa = PBXFileReference; fileEncoding = 4; lastKnownFileType = sourcecode.c.objc; path = DVAssetCell.m; sourceTree = "<group>"; };
/* End PBXFileReference section */

/* Begin PBXFrameworksBuildPhase section */
		167CCCEE237571AD00EE03EC /* Frameworks */ = {
			isa = PBXFrameworksBuildPhase;
			buildActionMask = 2147483647;
			files = (
			);
			runOnlyForDeploymentPostprocessing = 0;
		};
		167CCD06237571AE00EE03EC /* Frameworks */ = {
			isa = PBXFrameworksBuildPhase;
			buildActionMask = 2147483647;
			files = (
			);
			runOnlyForDeploymentPostprocessing = 0;
		};
		167CCD11237571AE00EE03EC /* Frameworks */ = {
			isa = PBXFrameworksBuildPhase;
			buildActionMask = 2147483647;
			files = (
			);
			runOnlyForDeploymentPostprocessing = 0;
		};
/* End PBXFrameworksBuildPhase section */

/* Begin PBXGroup section */
		167CCCE8237571AD00EE03EC = {
			isa = PBXGroup;
			children = (
				167CCCF3237571AD00EE03EC /* DVMediaPicker */,
				167CCD0C237571AE00EE03EC /* DVMediaPickerTests */,
				167CCD17237571AE00EE03EC /* DVMediaPickerUITests */,
				167CCCF2237571AD00EE03EC /* Products */,
			);
			sourceTree = "<group>";
		};
		167CCCF2237571AD00EE03EC /* Products */ = {
			isa = PBXGroup;
			children = (
				167CCCF1237571AD00EE03EC /* DVMediaPicker.app */,
				167CCD09237571AE00EE03EC /* DVMediaPickerTests.xctest */,
				167CCD14237571AE00EE03EC /* DVMediaPickerUITests.xctest */,
			);
			name = Products;
			sourceTree = "<group>";
		};
		167CCCF3237571AD00EE03EC /* DVMediaPicker */ = {
			isa = PBXGroup;
			children = (
				16E99E7323797A420032C67A /* SourceFiles */,
				167CCCF4237571AD00EE03EC /* AppDelegate.h */,
				167CCCF5237571AD00EE03EC /* AppDelegate.m */,
				167CCCF7237571AD00EE03EC /* ViewController.h */,
				167CCCF8237571AD00EE03EC /* ViewController.m */,
				167CCCFA237571AD00EE03EC /* Main.storyboard */,
				167CCCFD237571AE00EE03EC /* Assets.xcassets */,
				167CCCFF237571AE00EE03EC /* LaunchScreen.storyboard */,
				167CCD02237571AE00EE03EC /* Info.plist */,
				167CCD03237571AE00EE03EC /* main.m */,
			);
			path = DVMediaPicker;
			sourceTree = "<group>";
		};
		167CCD0C237571AE00EE03EC /* DVMediaPickerTests */ = {
			isa = PBXGroup;
			children = (
				167CCD0D237571AE00EE03EC /* DVMediaPickerTests.m */,
				167CCD0F237571AE00EE03EC /* Info.plist */,
			);
			path = DVMediaPickerTests;
			sourceTree = "<group>";
		};
		167CCD17237571AE00EE03EC /* DVMediaPickerUITests */ = {
			isa = PBXGroup;
			children = (
				167CCD18237571AE00EE03EC /* DVMediaPickerUITests.m */,
				167CCD1A237571AE00EE03EC /* Info.plist */,
			);
			path = DVMediaPickerUITests;
			sourceTree = "<group>";
		};
		16E99E7323797A420032C67A /* SourceFiles */ = {
			isa = PBXGroup;
			children = (
				16E99E7423797A420032C67A /* DVMediaPickerContoller.m */,
				16E99E7623797A420032C67A /* DVMediaListController.m */,
				16E99E7523797A420032C67A /* DVMediaManager.h */,
				16E99E7C23797A420032C67A /* DVMediaManager.m */,
				16E99E7723797A420032C67A /* DVAssetCell.h */,
				16E99E8123797A420032C67A /* DVAssetCell.m */,
				16E99E7923797A420032C67A /* DVAlbumCell.m */,
				16E99E7F23797A420032C67A /* DVAlbumCell.h */,
				16E99E7A23797A420032C67A /* DVAlbumModel.m */,
				16E99E7E23797A420032C67A /* DVAlbumModel.h */,
				16E99E7B23797A420032C67A /* DVMediaListController.h */,
				16E99E7D23797A420032C67A /* DVMediaPickerContoller.h */,
			);
			name = SourceFiles;
			path = ../../SourceFiles;
			sourceTree = "<group>";
		};
/* End PBXGroup section */

/* Begin PBXNativeTarget section */
		167CCCF0237571AD00EE03EC /* DVMediaPicker */ = {
			isa = PBXNativeTarget;
			buildConfigurationList = 167CCD1D237571AE00EE03EC /* Build configuration list for PBXNativeTarget "DVMediaPicker" */;
			buildPhases = (
				167CCCED237571AD00EE03EC /* Sources */,
				167CCCEE237571AD00EE03EC /* Frameworks */,
				167CCCEF237571AD00EE03EC /* Resources */,
			);
			buildRules = (
			);
			dependencies = (
			);
			name = DVMediaPicker;
			productName = DVMediaPicker;
			productReference = 167CCCF1237571AD00EE03EC /* DVMediaPicker.app */;
			productType = "com.apple.product-type.application";
		};
		167CCD08237571AE00EE03EC /* DVMediaPickerTests */ = {
			isa = PBXNativeTarget;
			buildConfigurationList = 167CCD20237571AE00EE03EC /* Build configuration list for PBXNativeTarget "DVMediaPickerTests" */;
			buildPhases = (
				167CCD05237571AE00EE03EC /* Sources */,
				167CCD06237571AE00EE03EC /* Frameworks */,
				167CCD07237571AE00EE03EC /* Resources */,
			);
			buildRules = (
			);
			dependencies = (
				167CCD0B237571AE00EE03EC /* PBXTargetDependency */,
			);
			name = DVMediaPickerTests;
			productName = DVMediaPickerTests;
			productReference = 167CCD09237571AE00EE03EC /* DVMediaPickerTests.xctest */;
			productType = "com.apple.product-type.bundle.unit-test";
		};
		167CCD13237571AE00EE03EC /* DVMediaPickerUITests */ = {
			isa = PBXNativeTarget;
			buildConfigurationList = 167CCD23237571AE00EE03EC /* Build configuration list for PBXNativeTarget "DVMediaPickerUITests" */;
			buildPhases = (
				167CCD10237571AE00EE03EC /* Sources */,
				167CCD11237571AE00EE03EC /* Frameworks */,
				167CCD12237571AE00EE03EC /* Resources */,
			);
			buildRules = (
			);
			dependencies = (
				167CCD16237571AE00EE03EC /* PBXTargetDependency */,
			);
			name = DVMediaPickerUITests;
			productName = DVMediaPickerUITests;
			productReference = 167CCD14237571AE00EE03EC /* DVMediaPickerUITests.xctest */;
			productType = "com.apple.product-type.bundle.ui-testing";
		};
/* End PBXNativeTarget section */

/* Begin PBXProject section */
		167CCCE9237571AD00EE03EC /* Project object */ = {
			isa = PBXProject;
			attributes = {
				LastUpgradeCheck = 1010;
				ORGANIZATIONNAME = david;
				TargetAttributes = {
					167CCCF0237571AD00EE03EC = {
						CreatedOnToolsVersion = 10.1;
					};
					167CCD08237571AE00EE03EC = {
						CreatedOnToolsVersion = 10.1;
						TestTargetID = 167CCCF0237571AD00EE03EC;
					};
					167CCD13237571AE00EE03EC = {
						CreatedOnToolsVersion = 10.1;
						TestTargetID = 167CCCF0237571AD00EE03EC;
					};
				};
			};
			buildConfigurationList = 167CCCEC237571AD00EE03EC /* Build configuration list for PBXProject "DVMediaPicker" */;
			compatibilityVersion = "Xcode 9.3";
			developmentRegion = en;
			hasScannedForEncodings = 0;
			knownRegions = (
				en,
				Base,
			);
			mainGroup = 167CCCE8237571AD00EE03EC;
			productRefGroup = 167CCCF2237571AD00EE03EC /* Products */;
			projectDirPath = "";
			projectRoot = "";
			targets = (
				167CCCF0237571AD00EE03EC /* DVMediaPicker */,
				167CCD08237571AE00EE03EC /* DVMediaPickerTests */,
				167CCD13237571AE00EE03EC /* DVMediaPickerUITests */,
			);
		};
/* End PBXProject section */

/* Begin PBXResourcesBuildPhase section */
		167CCCEF237571AD00EE03EC /* Resources */ = {
			isa = PBXResourcesBuildPhase;
			buildActionMask = 2147483647;
			files = (
				167CCD01237571AE00EE03EC /* LaunchScreen.storyboard in Resources */,
				167CCCFE237571AE00EE03EC /* Assets.xcassets in Resources */,
				167CCCFC237571AD00EE03EC /* Main.storyboard in Resources */,
			);
			runOnlyForDeploymentPostprocessing = 0;
		};
		167CCD07237571AE00EE03EC /* Resources */ = {
			isa = PBXResourcesBuildPhase;
			buildActionMask = 2147483647;
			files = (
			);
			runOnlyForDeploymentPostprocessing = 0;
		};
		167CCD12237571AE00EE03EC /* Resources */ = {
			isa = PBXResourcesBuildPhase;
			buildActionMask = 2147483647;
			files = (
			);
			runOnlyForDeploymentPostprocessing = 0;
		};
/* End PBXResourcesBuildPhase section */

/* Begin PBXSourcesBuildPhase section */
		167CCCED237571AD00EE03EC /* Sources */ = {
			isa = PBXSourcesBuildPhase;
			buildActionMask = 2147483647;
			files = (
				16E99E8523797A420032C67A /* DVAlbumCell.m in Sources */,
				16E99E8823797A420032C67A /* DVAssetCell.m in Sources */,
				167CCCF9237571AD00EE03EC /* ViewController.m in Sources */,
				16E99E8223797A420032C67A /* DVMediaPickerContoller.m in Sources */,
				167CCD04237571AE00EE03EC /* main.m in Sources */,
				16E99E8723797A420032C67A /* DVMediaManager.m in Sources */,
				16E99E8623797A420032C67A /* DVAlbumModel.m in Sources */,
				16E99E8323797A420032C67A /* DVMediaListController.m in Sources */,
				167CCCF6237571AD00EE03EC /* AppDelegate.m in Sources */,
			);
			runOnlyForDeploymentPostprocessing = 0;
		};
		167CCD05237571AE00EE03EC /* Sources */ = {
			isa = PBXSourcesBuildPhase;
			buildActionMask = 2147483647;
			files = (
				167CCD0E237571AE00EE03EC /* DVMediaPickerTests.m in Sources */,
			);
			runOnlyForDeploymentPostprocessing = 0;
		};
		167CCD10237571AE00EE03EC /* Sources */ = {
			isa = PBXSourcesBuildPhase;
			buildActionMask = 2147483647;
			files = (
				167CCD19237571AE00EE03EC /* DVMediaPickerUITests.m in Sources */,
			);
			runOnlyForDeploymentPostprocessing = 0;
		};
/* End PBXSourcesBuildPhase section */

/* Begin PBXTargetDependency section */
		167CCD0B237571AE00EE03EC /* PBXTargetDependency */ = {
			isa = PBXTargetDependency;
			target = 167CCCF0237571AD00EE03EC /* DVMediaPicker */;
			targetProxy = 167CCD0A237571AE00EE03EC /* PBXContainerItemProxy */;
		};
		167CCD16237571AE00EE03EC /* PBXTargetDependency */ = {
			isa = PBXTargetDependency;
			target = 167CCCF0237571AD00EE03EC /* DVMediaPicker */;
			targetProxy = 167CCD15237571AE00EE03EC /* PBXContainerItemProxy */;
		};
/* End PBXTargetDependency section */

/* Begin PBXVariantGroup section */
		167CCCFA237571AD00EE03EC /* Main.storyboard */ = {
			isa = PBXVariantGroup;
			children = (
				167CCCFB237571AD00EE03EC /* Base */,
			);
			name = Main.storyboard;
			sourceTree = "<group>";
		};
		167CCCFF237571AE00EE03EC /* LaunchScreen.storyboard */ = {
			isa = PBXVariantGroup;
			children = (
				167CCD00237571AE00EE03EC /* Base */,
			);
			name = LaunchScreen.storyboard;
			sourceTree = "<group>";
		};
/* End PBXVariantGroup section */

/* Begin XCBuildConfiguration section */
		167CCD1B237571AE00EE03EC /* Debug */ = {
			isa = XCBuildConfiguration;
			buildSettings = {
				ALWAYS_SEARCH_USER_PATHS = NO;
				CLANG_ANALYZER_NONNULL = YES;
				CLANG_ANALYZER_NUMBER_OBJECT_CONVERSION = YES_AGGRESSIVE;
				CLANG_CXX_LANGUAGE_STANDARD = "gnu++14";
				CLANG_CXX_LIBRARY = "libc++";
				CLANG_ENABLE_MODULES = YES;
				CLANG_ENABLE_OBJC_ARC = YES;
				CLANG_ENABLE_OBJC_WEAK = YES;
				CLANG_WARN_BLOCK_CAPTURE_AUTORELEASING = YES;
				CLANG_WARN_BOOL_CONVERSION = YES;
				CLANG_WARN_COMMA = YES;
				CLANG_WARN_CONSTANT_CONVERSION = YES;
				CLANG_WARN_DEPRECATED_OBJC_IMPLEMENTATIONS = YES;
				CLANG_WARN_DIRECT_OBJC_ISA_USAGE = YES_ERROR;
				CLANG_WARN_DOCUMENTATION_COMMENTS = YES;
				CLANG_WARN_EMPTY_BODY = YES;
				CLANG_WARN_ENUM_CONVERSION = YES;
				CLANG_WARN_INFINITE_RECURSION = YES;
				CLANG_WARN_INT_CONVERSION = YES;
				CLANG_WARN_NON_LITERAL_NULL_CONVERSION = YES;
				CLANG_WARN_OBJC_IMPLICIT_RETAIN_SELF = YES;
				CLANG_WARN_OBJC_LITERAL_CONVERSION = YES;
				CLANG_WARN_OBJC_ROOT_CLASS = YES_ERROR;
				CLANG_WARN_RANGE_LOOP_ANALYSIS = YES;
				CLANG_WARN_STRICT_PROTOTYPES = YES;
				CLANG_WARN_SUSPICIOUS_MOVE = YES;
				CLANG_WARN_UNGUARDED_AVAILABILITY = YES_AGGRESSIVE;
				CLANG_WARN_UNREACHABLE_CODE = YES;
				CLANG_WARN__DUPLICATE_METHOD_MATCH = YES;
				CODE_SIGN_IDENTITY = "iPhone Developer";
				COPY_PHASE_STRIP = NO;
				DEBUG_INFORMATION_FORMAT = dwarf;
				ENABLE_STRICT_OBJC_MSGSEND = YES;
				ENABLE_TESTABILITY = YES;
				GCC_C_LANGUAGE_STANDARD = gnu11;
				GCC_DYNAMIC_NO_PIC = NO;
				GCC_NO_COMMON_BLOCKS = YES;
				GCC_OPTIMIZATION_LEVEL = 0;
				GCC_PREPROCESSOR_DEFINITIONS = (
					"DEBUG=1",
					"$(inherited)",
				);
				GCC_WARN_64_TO_32_BIT_CONVERSION = YES;
				GCC_WARN_ABOUT_RETURN_TYPE = YES_ERROR;
				GCC_WARN_UNDECLARED_SELECTOR = YES;
				GCC_WARN_UNINITIALIZED_AUTOS = YES_AGGRESSIVE;
				GCC_WARN_UNUSED_FUNCTION = YES;
				GCC_WARN_UNUSED_VARIABLE = YES;
				IPHONEOS_DEPLOYMENT_TARGET = 12.1;
				MTL_ENABLE_DEBUG_INFO = INCLUDE_SOURCE;
				MTL_FAST_MATH = YES;
				ONLY_ACTIVE_ARCH = YES;
				SDKROOT = iphoneos;
			};
			name = Debug;
		};
		167CCD1C237571AE00EE03EC /* Release */ = {
			isa = XCBuildConfiguration;
			buildSettings = {
				ALWAYS_SEARCH_USER_PATHS = NO;
				CLANG_ANALYZER_NONNULL = YES;
				CLANG_ANALYZER_NUMBER_OBJECT_CONVERSION = YES_AGGRESSIVE;
				CLANG_CXX_LANGUAGE_STANDARD = "gnu++14";
				CLANG_CXX_LIBRARY = "libc++";
				CLANG_ENABLE_MODULES = YES;
				CLANG_ENABLE_OBJC_ARC = YES;
				CLANG_ENABLE_OBJC_WEAK = YES;
				CLANG_WARN_BLOCK_CAPTURE_AUTORELEASING = YES;
				CLANG_WARN_BOOL_CONVERSION = YES;
				CLANG_WARN_COMMA = YES;
				CLANG_WARN_CONSTANT_CONVERSION = YES;
				CLANG_WARN_DEPRECATED_OBJC_IMPLEMENTATIONS = YES;
				CLANG_WARN_DIRECT_OBJC_ISA_USAGE = YES_ERROR;
				CLANG_WARN_DOCUMENTATION_COMMENTS = YES;
				CLANG_WARN_EMPTY_BODY = YES;
				CLANG_WARN_ENUM_CONVERSION = YES;
				CLANG_WARN_INFINITE_RECURSION = YES;
				CLANG_WARN_INT_CONVERSION = YES;
				CLANG_WARN_NON_LITERAL_NULL_CONVERSION = YES;
				CLANG_WARN_OBJC_IMPLICIT_RETAIN_SELF = YES;
				CLANG_WARN_OBJC_LITERAL_CONVERSION = YES;
				CLANG_WARN_OBJC_ROOT_CLASS = YES_ERROR;
				CLANG_WARN_RANGE_LOOP_ANALYSIS = YES;
				CLANG_WARN_STRICT_PROTOTYPES = YES;
				CLANG_WARN_SUSPICIOUS_MOVE = YES;
				CLANG_WARN_UNGUARDED_AVAILABILITY = YES_AGGRESSIVE;
				CLANG_WARN_UNREACHABLE_CODE = YES;
				CLANG_WARN__DUPLICATE_METHOD_MATCH = YES;
				CODE_SIGN_IDENTITY = "iPhone Developer";
				COPY_PHASE_STRIP = NO;
				DEBUG_INFORMATION_FORMAT = "dwarf-with-dsym";
				ENABLE_NS_ASSERTIONS = NO;
				ENABLE_STRICT_OBJC_MSGSEND = YES;
				GCC_C_LANGUAGE_STANDARD = gnu11;
				GCC_NO_COMMON_BLOCKS = YES;
				GCC_WARN_64_TO_32_BIT_CONVERSION = YES;
				GCC_WARN_ABOUT_RETURN_TYPE = YES_ERROR;
				GCC_WARN_UNDECLARED_SELECTOR = YES;
				GCC_WARN_UNINITIALIZED_AUTOS = YES_AGGRESSIVE;
				GCC_WARN_UNUSED_FUNCTION = YES;
				GCC_WARN_UNUSED_VARIABLE = YES;
				IPHONEOS_DEPLOYMENT_TARGET = 12.1;
				MTL_ENABLE_DEBUG_INFO = NO;
				MTL_FAST_MATH = YES;
				SDKROOT = iphoneos;
				VALIDATE_PRODUCT = YES;
			};
			name = Release;
		};
		167CCD1E237571AE00EE03EC /* Debug */ = {
			isa = XCBuildConfiguration;
			buildSettings = {
				ASSETCATALOG_COMPILER_APPICON_NAME = AppIcon;
				CODE_SIGN_STYLE = Automatic;
				INFOPLIST_FILE = DVMediaPicker/Info.plist;
				LD_RUNPATH_SEARCH_PATHS = (
					"$(inherited)",
					"@executable_path/Frameworks",
				);
				PRODUCT_BUNDLE_IDENTIFIER = iber.DVMediaPicker;
				PRODUCT_NAME = "$(TARGET_NAME)";
				TARGETED_DEVICE_FAMILY = "1,2";
			};
			name = Debug;
		};
		167CCD1F237571AE00EE03EC /* Release */ = {
			isa = XCBuildConfiguration;
			buildSettings = {
				ASSETCATALOG_COMPILER_APPICON_NAME = AppIcon;
				CODE_SIGN_STYLE = Automatic;
				INFOPLIST_FILE = DVMediaPicker/Info.plist;
				LD_RUNPATH_SEARCH_PATHS = (
					"$(inherited)",
					"@executable_path/Frameworks",
				);
				PRODUCT_BUNDLE_IDENTIFIER = iber.DVMediaPicker;
				PRODUCT_NAME = "$(TARGET_NAME)";
				TARGETED_DEVICE_FAMILY = "1,2";
			};
			name = Release;
		};
		167CCD21237571AE00EE03EC /* Debug */ = {
			isa = XCBuildConfiguration;
			buildSettings = {
				BUNDLE_LOADER = "$(TEST_HOST)";
				CODE_SIGN_STYLE = Automatic;
				INFOPLIST_FILE = DVMediaPickerTests/Info.plist;
				LD_RUNPATH_SEARCH_PATHS = (
					"$(inherited)",
					"@executable_path/Frameworks",
					"@loader_path/Frameworks",
				);
				PRODUCT_BUNDLE_IDENTIFIER = iber.DVMediaPickerTests;
				PRODUCT_NAME = "$(TARGET_NAME)";
				TARGETED_DEVICE_FAMILY = "1,2";
				TEST_HOST = "$(BUILT_PRODUCTS_DIR)/DVMediaPicker.app/DVMediaPicker";
			};
			name = Debug;
		};
		167CCD22237571AE00EE03EC /* Release */ = {
			isa = XCBuildConfiguration;
			buildSettings = {
				BUNDLE_LOADER = "$(TEST_HOST)";
				CODE_SIGN_STYLE = Automatic;
				INFOPLIST_FILE = DVMediaPickerTests/Info.plist;
				LD_RUNPATH_SEARCH_PATHS = (
					"$(inherited)",
					"@executable_path/Frameworks",
					"@loader_path/Frameworks",
				);
				PRODUCT_BUNDLE_IDENTIFIER = iber.DVMediaPickerTests;
				PRODUCT_NAME = "$(TARGET_NAME)";
				TARGETED_DEVICE_FAMILY = "1,2";
				TEST_HOST = "$(BUILT_PRODUCTS_DIR)/DVMediaPicker.app/DVMediaPicker";
			};
			name = Release;
		};
		167CCD24237571AE00EE03EC /* Debug */ = {
			isa = XCBuildConfiguration;
			buildSettings = {
				CODE_SIGN_STYLE = Automatic;
				INFOPLIST_FILE = DVMediaPickerUITests/Info.plist;
				LD_RUNPATH_SEARCH_PATHS = (
					"$(inherited)",
					"@executable_path/Frameworks",
					"@loader_path/Frameworks",
				);
				PRODUCT_BUNDLE_IDENTIFIER = iber.DVMediaPickerUITests;
				PRODUCT_NAME = "$(TARGET_NAME)";
				TARGETED_DEVICE_FAMILY = "1,2";
				TEST_TARGET_NAME = DVMediaPicker;
			};
			name = Debug;
		};
		167CCD25237571AE00EE03EC /* Release */ = {
			isa = XCBuildConfiguration;
			buildSettings = {
				CODE_SIGN_STYLE = Automatic;
				INFOPLIST_FILE = DVMediaPickerUITests/Info.plist;
				LD_RUNPATH_SEARCH_PATHS = (
					"$(inherited)",
					"@executable_path/Frameworks",
					"@loader_path/Frameworks",
				);
				PRODUCT_BUNDLE_IDENTIFIER = iber.DVMediaPickerUITests;
				PRODUCT_NAME = "$(TARGET_NAME)";
				TARGETED_DEVICE_FAMILY = "1,2";
				TEST_TARGET_NAME = DVMediaPicker;
			};
			name = Release;
		};
/* End XCBuildConfiguration section */

/* Begin XCConfigurationList section */
		167CCCEC237571AD00EE03EC /* Build configuration list for PBXProject "DVMediaPicker" */ = {
			isa = XCConfigurationList;
			buildConfigurations = (
				167CCD1B237571AE00EE03EC /* Debug */,
				167CCD1C237571AE00EE03EC /* Release */,
			);
			defaultConfigurationIsVisible = 0;
			defaultConfigurationName = Release;
		};
		167CCD1D237571AE00EE03EC /* Build configuration list for PBXNativeTarget "DVMediaPicker" */ = {
			isa = XCConfigurationList;
			buildConfigurations = (
				167CCD1E237571AE00EE03EC /* Debug */,
				167CCD1F237571AE00EE03EC /* Release */,
			);
			defaultConfigurationIsVisible = 0;
			defaultConfigurationName = Release;
		};
		167CCD20237571AE00EE03EC /* Build configuration list for PBXNativeTarget "DVMediaPickerTests" */ = {
			isa = XCConfigurationList;
			buildConfigurations = (
				167CCD21237571AE00EE03EC /* Debug */,
				167CCD22237571AE00EE03EC /* Release */,
			);
			defaultConfigurationIsVisible = 0;
			defaultConfigurationName = Release;
		};
		167CCD23237571AE00EE03EC /* Build configuration list for PBXNativeTarget "DVMediaPickerUITests" */ = {
			isa = XCConfigurationList;
			buildConfigurations = (
				167CCD24237571AE00EE03EC /* Debug */,
				167CCD25237571AE00EE03EC /* Release */,
			);
			defaultConfigurationIsVisible = 0;
			defaultConfigurationName = Release;
		};
/* End XCConfigurationList section */
	};
	rootObject = 167CCCE9237571AD00EE03EC /* Project object */;
}
